
Microsoft Visual Studio Solution File, Format Version 12.00
# Visual Studio Version 16
VisualStudioVersion = 16.0.30011.22
MinimumVisualStudioVersion = 10.0.40219.1
Project("{FAE04EC0-301F-11D3-BF4B-00C04F79EFBC}") = "zadanie_9_NET2", "zadanie_9_NET2.csproj", "{2B83FDD1-6A07-4A5E-9812-313A6C190435}"
EndProject
Global
	GlobalSection(SolutionConfigurationPlatforms) = preSolution
		Debug|Any CPU = Debug|Any CPU
		Release|Any CPU = Release|Any CPU
	EndGlobalSection
	GlobalSection(ProjectConfigurationPlatforms) = postSolution
		{2B83FDD1-6A07-4A5E-9812-313A6C190435}.Debug|Any CPU.ActiveCfg = Debug|Any CPU
		{2B83FDD1-6A07-4A5E-9812-313A6C190435}.Debug|Any CPU.Build.0 = Debug|Any CPU
		{2B83FDD1-6A07-4A5E-9812-313A6C190435}.Release|Any CPU.ActiveCfg = Release|Any CPU
		{2B83FDD1-6A07-4A5E-9812-313A6C190435}.Release|Any CPU.Build.0 = Release|Any CPU
	EndGlobalSection
	GlobalSection(SolutionProperties) = preSolution
		HideSolutionNode = FALSE
	EndGlobalSection
	GlobalSection(ExtensibilityGlobals) = postSolution
		SolutionGuid = {7A048A07-8354-405A-9795-BBA3E18788BE}
	EndGlobalSection
EndGlobal
